
Microsoft Visual Studio Solution File, Format Version 12.00
# Visual Studio Version 16
VisualStudioVersion = 16.0.31025.194
MinimumVisualStudioVersion = 10.0.40219.1
Project("{FAE04EC0-301F-11D3-BF4B-00C04F79EFBC}") = "PictureViewer", "PictureViewer\PictureViewer.csproj", "{BB4DFB13-03C2-4C46-A050-606001891F63}"
EndProject
Global
	GlobalSection(SolutionConfigurationPlatforms) = preSolution
		Debug|Any CPU = Debug|Any CPU
		Release|Any CPU = Release|Any CPU
	EndGlobalSection
	GlobalSection(ProjectConfigurationPlatforms) = postSolution
		{BB4DFB13-03C2-4C46-A050-606001891F63}.Debug|Any CPU.ActiveCfg = Debug|Any CPU
		{BB4DFB13-03C2-4C46-A050-606001891F63}.Debug|Any CPU.Build.0 = Debug|Any CPU
		{BB4DFB13-03C2-4C46-A050-606001891F63}.Release|Any CPU.ActiveCfg = Release|Any CPU
		{BB4DFB13-03C2-4C46-A050-606001891F63}.Release|Any CPU.Build.0 = Release|Any CPU
	EndGlobalSection
	GlobalSection(SolutionProperties) = preSolution
		HideSolutionNode = FALSE
	EndGlobalSection
	GlobalSection(ExtensibilityGlobals) = postSolution
		SolutionGuid = {3BB83F49-8761-41B7-A4A6-9581B7D5098D}
	EndGlobalSection
EndGlobal
